// !$*UTF8*$!
{
	archiveVersion = 1;
	classes = {
	};
	objectVersion = 46;
	objects = {

/* Begin PBXBuildFile section */
		B132FAB11EC9C1B60048102D /* AppDelegate.swift in Sources */ = {isa = PBXBuildFile; fileRef = B132FAB01EC9C1B60048102D /* AppDelegate.swift */; };
		B132FAB61EC9C1B60048102D /* Main.storyboard in Resources */ = {isa = PBXBuildFile; fileRef = B132FAB41EC9C1B60048102D /* Main.storyboard */; };
		B132FAB81EC9C1B60048102D /* Assets.xcassets in Resources */ = {isa = PBXBuildFile; fileRef = B132FAB71EC9C1B60048102D /* Assets.xcassets */; };
		B132FABB1EC9C1B60048102D /* LaunchScreen.storyboard in Resources */ = {isa = PBXBuildFile; fileRef = B132FAB91EC9C1B60048102D /* LaunchScreen.storyboard */; };
		B132FAC41EC9C2130048102D /* TweetTableViewController.swift in Sources */ = {isa = PBXBuildFile; fileRef = B132FAC31EC9C2130048102D /* TweetTableViewController.swift */; };
		B132FACA1EC9C5460048102D /* Twitter.framework in Frameworks */ = {isa = PBXBuildFile; fileRef = B132FAC91EC9C5460048102D /* Twitter.framework */; };
		B132FACB1EC9C5460048102D /* Twitter.framework in Embed Frameworks */ = {isa = PBXBuildFile; fileRef = B132FAC91EC9C5460048102D /* Twitter.framework */; settings = {ATTRIBUTES = (CodeSignOnCopy, RemoveHeadersOnCopy, ); }; };
		B132FACE1EC9CD9F0048102D /* TweetTableViewCell.swift in Sources */ = {isa = PBXBuildFile; fileRef = B132FACD1EC9CD9F0048102D /* TweetTableViewCell.swift */; };
		B1DFEEBE1ECC65990050E834 /* Smash.xcdatamodeld in Sources */ = {isa = PBXBuildFile; fileRef = B1DFEEBC1ECC65990050E834 /* Smash.xcdatamodeld */; };
		B1DFEEC01ECC67540050E834 /* Tweet.swift in Sources */ = {isa = PBXBuildFile; fileRef = B1DFEEBF1ECC67540050E834 /* Tweet.swift */; };
		B1DFEEC21ECC677D0050E834 /* TwitterUser.swift in Sources */ = {isa = PBXBuildFile; fileRef = B1DFEEC11ECC677D0050E834 /* TwitterUser.swift */; };
		B1DFEEC41ECC68BB0050E834 /* SmashTweetTableViewController.swift in Sources */ = {isa = PBXBuildFile; fileRef = B1DFEEC31ECC68BB0050E834 /* SmashTweetTableViewController.swift */; };
		B1DFEEC61ECC75950050E834 /* SmashTweetersTableViewController.swift in Sources */ = {isa = PBXBuildFile; fileRef = B1DFEEC51ECC75950050E834 /* SmashTweetersTableViewController.swift */; };
		B1DFEEC81ECC77FA0050E834 /* FetchedResultsTableViewController.swift in Sources */ = {isa = PBXBuildFile; fileRef = B1DFEEC71ECC77FA0050E834 /* FetchedResultsTableViewController.swift */; };
		B1DFEECA1ECC78880050E834 /* UITableViewDataSource+NSFetchedResultsController.swift in Sources */ = {isa = PBXBuildFile; fileRef = B1DFEEC91ECC78880050E834 /* UITableViewDataSource+NSFetchedResultsController.swift */; };
/* End PBXBuildFile section */

/* Begin PBXCopyFilesBuildPhase section */
		B132FACC1EC9C5460048102D /* Embed Frameworks */ = {
			isa = PBXCopyFilesBuildPhase;
			buildActionMask = 2147483647;
			dstPath = "";
			dstSubfolderSpec = 10;
			files = (
				B132FACB1EC9C5460048102D /* Twitter.framework in Embed Frameworks */,
			);
			name = "Embed Frameworks";
			runOnlyForDeploymentPostprocessing = 0;
		};
/* End PBXCopyFilesBuildPhase section */

/* Begin PBXFileReference section */
		B132FAAD1EC9C1B60048102D /* Smashtag.app */ = {isa = PBXFileReference; explicitFileType = wrapper.application; includeInIndex = 0; path = Smashtag.app; sourceTree = BUILT_PRODUCTS_DIR; };
		B132FAB01EC9C1B60048102D /* AppDelegate.swift */ = {isa = PBXFileReference; lastKnownFileType = sourcecode.swift; path = AppDelegate.swift; sourceTree = "<group>"; };
		B132FAB51EC9C1B60048102D /* Base */ = {isa = PBXFileReference; lastKnownFileType = file.storyboard; name = Base; path = Base.lproj/Main.storyboard; sourceTree = "<group>"; };
		B132FAB71EC9C1B60048102D /* Assets.xcassets */ = {isa = PBXFileReference; lastKnownFileType = folder.assetcatalog; path = Assets.xcassets; sourceTree = "<group>"; };
		B132FABA1EC9C1B60048102D /* Base */ = {isa = PBXFileReference; lastKnownFileType = file.storyboard; name = Base; path = Base.lproj/LaunchScreen.storyboard; sourceTree = "<group>"; };
		B132FABC1EC9C1B60048102D /* Info.plist */ = {isa = PBXFileReference; lastKnownFileType = text.plist.xml; path = Info.plist; sourceTree = "<group>"; };
		B132FAC31EC9C2130048102D /* TweetTableViewController.swift */ = {isa = PBXFileReference; fileEncoding = 4; lastKnownFileType = sourcecode.swift; path = TweetTableViewController.swift; sourceTree = "<group>"; };
		B132FAC91EC9C5460048102D /* Twitter.framework */ = {isa = PBXFileReference; explicitFileType = wrapper.framework; path = Twitter.framework; sourceTree = BUILT_PRODUCTS_DIR; };
		B132FACD1EC9CD9F0048102D /* TweetTableViewCell.swift */ = {isa = PBXFileReference; fileEncoding = 4; lastKnownFileType = sourcecode.swift; path = TweetTableViewCell.swift; sourceTree = "<group>"; };
		B1DFEEBD1ECC65990050E834 /* Smash.xcdatamodel */ = {isa = PBXFileReference; lastKnownFileType = wrapper.xcdatamodel; path = Smash.xcdatamodel; sourceTree = "<group>"; };
		B1DFEEBF1ECC67540050E834 /* Tweet.swift */ = {isa = PBXFileReference; fileEncoding = 4; lastKnownFileType = sourcecode.swift; path = Tweet.swift; sourceTree = "<group>"; };
		B1DFEEC11ECC677D0050E834 /* TwitterUser.swift */ = {isa = PBXFileReference; fileEncoding = 4; lastKnownFileType = sourcecode.swift; path = TwitterUser.swift; sourceTree = "<group>"; };
		B1DFEEC31ECC68BB0050E834 /* SmashTweetTableViewController.swift */ = {isa = PBXFileReference; fileEncoding = 4; lastKnownFileType = sourcecode.swift; path = SmashTweetTableViewController.swift; sourceTree = "<group>"; };
		B1DFEEC51ECC75950050E834 /* SmashTweetersTableViewController.swift */ = {isa = PBXFileReference; fileEncoding = 4; lastKnownFileType = sourcecode.swift; path = SmashTweetersTableViewController.swift; sourceTree = "<group>"; };
		B1DFEEC71ECC77FA0050E834 /* FetchedResultsTableViewController.swift */ = {isa = PBXFileReference; fileEncoding = 4; lastKnownFileType = sourcecode.swift; path = FetchedResultsTableViewController.swift; sourceTree = "<group>"; };
		B1DFEEC91ECC78880050E834 /* UITableViewDataSource+NSFetchedResultsController.swift */ = {isa = PBXFileReference; fileEncoding = 4; lastKnownFileType = sourcecode.swift; path = "UITableViewDataSource+NSFetchedResultsController.swift"; sourceTree = "<group>"; };
/* End PBXFileReference section */

/* Begin PBXFrameworksBuildPhase section */
		B132FAAA1EC9C1B60048102D /* Frameworks */ = {
			isa = PBXFrameworksBuildPhase;
			buildActionMask = 2147483647;
			files = (
				B132FACA1EC9C5460048102D /* Twitter.framework in Frameworks */,
			);
			runOnlyForDeploymentPostprocessing = 0;
		};
/* End PBXFrameworksBuildPhase section */

/* Begin PBXGroup section */
		B132FAA41EC9C1B60048102D = {
			isa = PBXGroup;
			children = (
				B132FAAF1EC9C1B60048102D /* Smashtag */,
				B132FAC91EC9C5460048102D /* Twitter.framework */,
				B132FAAE1EC9C1B60048102D /* Products */,
			);
			sourceTree = "<group>";
		};
		B132FAAE1EC9C1B60048102D /* Products */ = {
			isa = PBXGroup;
			children = (
				B132FAAD1EC9C1B60048102D /* Smashtag.app */,
			);
			name = Products;
			sourceTree = "<group>";
		};
		B132FAAF1EC9C1B60048102D /* Smashtag */ = {
			isa = PBXGroup;
			children = (
				B132FAB41EC9C1B60048102D /* Main.storyboard */,
				B1DFEEBC1ECC65990050E834 /* Smash.xcdatamodeld */,
				B1DFEEBF1ECC67540050E834 /* Tweet.swift */,
				B1DFEEC11ECC677D0050E834 /* TwitterUser.swift */,
				B132FAC31EC9C2130048102D /* TweetTableViewController.swift */,
				B1DFEEC31ECC68BB0050E834 /* SmashTweetTableViewController.swift */,
				B132FACD1EC9CD9F0048102D /* TweetTableViewCell.swift */,
				B1DFEEC51ECC75950050E834 /* SmashTweetersTableViewController.swift */,
				B1DFEEC71ECC77FA0050E834 /* FetchedResultsTableViewController.swift */,
				B1DFEEC91ECC78880050E834 /* UITableViewDataSource+NSFetchedResultsController.swift */,
				B132FABC1EC9C1B60048102D /* Info.plist */,
				B132FAC21EC9C1BF0048102D /* Supporting Files */,
			);
			path = Smashtag;
			sourceTree = "<group>";
		};
		B132FAC21EC9C1BF0048102D /* Supporting Files */ = {
			isa = PBXGroup;
			children = (
				B132FAB01EC9C1B60048102D /* AppDelegate.swift */,
				B132FAB71EC9C1B60048102D /* Assets.xcassets */,
				B132FAB91EC9C1B60048102D /* LaunchScreen.storyboard */,
			);
			name = "Supporting Files";
			sourceTree = "<group>";
		};
/* End PBXGroup section */

/* Begin PBXNativeTarget section */
		B132FAAC1EC9C1B60048102D /* Smashtag */ = {
			isa = PBXNativeTarget;
			buildConfigurationList = B132FABF1EC9C1B60048102D /* Build configuration list for PBXNativeTarget "Smashtag" */;
			buildPhases = (
				B132FAA91EC9C1B60048102D /* Sources */,
				B132FAAA1EC9C1B60048102D /* Frameworks */,
				B132FAAB1EC9C1B60048102D /* Resources */,
				B132FACC1EC9C5460048102D /* Embed Frameworks */,
			);
			buildRules = (
			);
			dependencies = (
			);
			name = Smashtag;
			productName = Smashtag;
			productReference = B132FAAD1EC9C1B60048102D /* Smashtag.app */;
			productType = "com.apple.product-type.application";
		};
/* End PBXNativeTarget section */

/* Begin PBXProject section */
		B132FAA51EC9C1B60048102D /* Project object */ = {
			isa = PBXProject;
			attributes = {
				LastSwiftUpdateCheck = 0830;
				LastUpgradeCheck = 0830;
				ORGANIZATIONNAME = kyungh;
				TargetAttributes = {
					B132FAAC1EC9C1B60048102D = {
						CreatedOnToolsVersion = 8.3.2;
						DevelopmentTeam = 4LU29MA599;
						ProvisioningStyle = Automatic;
					};
				};
			};
			buildConfigurationList = B132FAA81EC9C1B60048102D /* Build configuration list for PBXProject "Smashtag" */;
			compatibilityVersion = "Xcode 3.2";
			developmentRegion = English;
			hasScannedForEncodings = 0;
			knownRegions = (
				en,
				Base,
			);
			mainGroup = B132FAA41EC9C1B60048102D;
			productRefGroup = B132FAAE1EC9C1B60048102D /* Products */;
			projectDirPath = "";
			projectRoot = "";
			targets = (
				B132FAAC1EC9C1B60048102D /* Smashtag */,
			);
		};
/* End PBXProject section */

/* Begin PBXResourcesBuildPhase section */
		B132FAAB1EC9C1B60048102D /* Resources */ = {
			isa = PBXResourcesBuildPhase;
			buildActionMask = 2147483647;
			files = (
				B132FABB1EC9C1B60048102D /* LaunchScreen.storyboard in Resources */,
				B132FAB81EC9C1B60048102D /* Assets.xcassets in Resources */,
				B132FAB61EC9C1B60048102D /* Main.storyboard in Resources */,
			);
			runOnlyForDeploymentPostprocessing = 0;
		};
/* End PBXResourcesBuildPhase section */

/* Begin PBXSourcesBuildPhase section */
		B132FAA91EC9C1B60048102D /* Sources */ = {
			isa = PBXSourcesBuildPhase;
			buildActionMask = 2147483647;
			files = (
				B1DFEEC41ECC68BB0050E834 /* SmashTweetTableViewController.swift in Sources */,
				B1DFEEC81ECC77FA0050E834 /* FetchedResultsTableViewController.swift in Sources */,
				B1DFEECA1ECC78880050E834 /* UITableViewDataSource+NSFetchedResultsController.swift in Sources */,
				B132FAB11EC9C1B60048102D /* AppDelegate.swift in Sources */,
				B1DFEEC01ECC67540050E834 /* Tweet.swift in Sources */,
				B1DFEEC21ECC677D0050E834 /* TwitterUser.swift in Sources */,
				B132FAC41EC9C2130048102D /* TweetTableViewController.swift in Sources */,
				B1DFEEBE1ECC65990050E834 /* Smash.xcdatamodeld in Sources */,
				B132FACE1EC9CD9F0048102D /* TweetTableViewCell.swift in Sources */,
				B1DFEEC61ECC75950050E834 /* SmashTweetersTableViewController.swift in Sources */,
			);
			runOnlyForDeploymentPostprocessing = 0;
		};
/* End PBXSourcesBuildPhase section */

/* Begin PBXVariantGroup section */
		B132FAB41EC9C1B60048102D /* Main.storyboard */ = {
			isa = PBXVariantGroup;
			children = (
				B132FAB51EC9C1B60048102D /* Base */,
			);
			name = Main.storyboard;
			sourceTree = "<group>";
		};
		B132FAB91EC9C1B60048102D /* LaunchScreen.storyboard */ = {
			isa = PBXVariantGroup;
			children = (
				B132FABA1EC9C1B60048102D /* Base */,
			);
			name = LaunchScreen.storyboard;
			sourceTree = "<group>";
		};
/* End PBXVariantGroup section */

/* Begin XCBuildConfiguration section */
		B132FABD1EC9C1B60048102D /* Debug */ = {
			isa = XCBuildConfiguration;
			buildSettings = {
				ALWAYS_SEARCH_USER_PATHS = NO;
				CLANG_ANALYZER_NONNULL = YES;
				CLANG_ANALYZER_NUMBER_OBJECT_CONVERSION = YES_AGGRESSIVE;
				CLANG_CXX_LANGUAGE_STANDARD = "gnu++0x";
				CLANG_CXX_LIBRARY = "libc++";
				CLANG_ENABLE_MODULES = YES;
				CLANG_ENABLE_OBJC_ARC = YES;
				CLANG_WARN_BOOL_CONVERSION = YES;
				CLANG_WARN_CONSTANT_CONVERSION = YES;
				CLANG_WARN_DIRECT_OBJC_ISA_USAGE = YES_ERROR;
				CLANG_WARN_DOCUMENTATION_COMMENTS = YES;
				CLANG_WARN_EMPTY_BODY = YES;
				CLANG_WARN_ENUM_CONVERSION = YES;
				CLANG_WARN_INFINITE_RECURSION = YES;
				CLANG_WARN_INT_CONVERSION = YES;
				CLANG_WARN_OBJC_ROOT_CLASS = YES_ERROR;
				CLANG_WARN_SUSPICIOUS_MOVE = YES;
				CLANG_WARN_UNREACHABLE_CODE = YES;
				CLANG_WARN__DUPLICATE_METHOD_MATCH = YES;
				"CODE_SIGN_IDENTITY[sdk=iphoneos*]" = "iPhone Developer";
				COPY_PHASE_STRIP = NO;
				DEBUG_INFORMATION_FORMAT = dwarf;
				ENABLE_STRICT_OBJC_MSGSEND = YES;
				ENABLE_TESTABILITY = YES;
				GCC_C_LANGUAGE_STANDARD = gnu99;
				GCC_DYNAMIC_NO_PIC = NO;
				GCC_NO_COMMON_BLOCKS = YES;
				GCC_OPTIMIZATION_LEVEL = 0;
				GCC_PREPROCESSOR_DEFINITIONS = (
					"DEBUG=1",
					"$(inherited)",
				);
				GCC_WARN_64_TO_32_BIT_CONVERSION = YES;
				GCC_WARN_ABOUT_RETURN_TYPE = YES_ERROR;
				GCC_WARN_UNDECLARED_SELECTOR = YES;
				GCC_WARN_UNINITIALIZED_AUTOS = YES_AGGRESSIVE;
				GCC_WARN_UNUSED_FUNCTION = YES;
				GCC_WARN_UNUSED_VARIABLE = YES;
				IPHONEOS_DEPLOYMENT_TARGET = 10.3;
				MTL_ENABLE_DEBUG_INFO = YES;
				ONLY_ACTIVE_ARCH = YES;
				SDKROOT = iphoneos;
				SWIFT_ACTIVE_COMPILATION_CONDITIONS = DEBUG;
				SWIFT_OPTIMIZATION_LEVEL = "-Onone";
			};
			name = Debug;
		};
		B132FABE1EC9C1B60048102D /* Release */ = {
			isa = XCBuildConfiguration;
			buildSettings = {
				ALWAYS_SEARCH_USER_PATHS = NO;
				CLANG_ANALYZER_NONNULL = YES;
				CLANG_ANALYZER_NUMBER_OBJECT_CONVERSION = YES_AGGRESSIVE;
				CLANG_CXX_LANGUAGE_STANDARD = "gnu++0x";
				CLANG_CXX_LIBRARY = "libc++";
				CLANG_ENABLE_MODULES = YES;
				CLANG_ENABLE_OBJC_ARC = YES;
				CLANG_WARN_BOOL_CONVERSION = YES;
				CLANG_WARN_CONSTANT_CONVERSION = YES;
				CLANG_WARN_DIRECT_OBJC_ISA_USAGE = YES_ERROR;
				CLANG_WARN_DOCUMENTATION_COMMENTS = YES;
				CLANG_WARN_EMPTY_BODY = YES;
				CLANG_WARN_ENUM_CONVERSION = YES;
				CLANG_WARN_INFINITE_RECURSION = YES;
				CLANG_WARN_INT_CONVERSION = YES;
				CLANG_WARN_OBJC_ROOT_CLASS = YES_ERROR;
				CLANG_WARN_SUSPICIOUS_MOVE = YES;
				CLANG_WARN_UNREACHABLE_CODE = YES;
				CLANG_WARN__DUPLICATE_METHOD_MATCH = YES;
				"CODE_SIGN_IDENTITY[sdk=iphoneos*]" = "iPhone Developer";
				COPY_PHASE_STRIP = NO;
				DEBUG_INFORMATION_FORMAT = "dwarf-with-dsym";
				ENABLE_NS_ASSERTIONS = NO;
				ENABLE_STRICT_OBJC_MSGSEND = YES;
				GCC_C_LANGUAGE_STANDARD = gnu99;
				GCC_NO_COMMON_BLOCKS = YES;
				GCC_WARN_64_TO_32_BIT_CONVERSION = YES;
				GCC_WARN_ABOUT_RETURN_TYPE = YES_ERROR;
				GCC_WARN_UNDECLARED_SELECTOR = YES;
				GCC_WARN_UNINITIALIZED_AUTOS = YES_AGGRESSIVE;
				GCC_WARN_UNUSED_FUNCTION = YES;
				GCC_WARN_UNUSED_VARIABLE = YES;
				IPHONEOS_DEPLOYMENT_TARGET = 10.3;
				MTL_ENABLE_DEBUG_INFO = NO;
				SDKROOT = iphoneos;
				SWIFT_OPTIMIZATION_LEVEL = "-Owholemodule";
				VALIDATE_PRODUCT = YES;
			};
			name = Release;
		};
		B132FAC01EC9C1B60048102D /* Debug */ = {
			isa = XCBuildConfiguration;
			buildSettings = {
				ASSETCATALOG_COMPILER_APPICON_NAME = AppIcon;
				DEVELOPMENT_TEAM = 4LU29MA599;
				INFOPLIST_FILE = Smashtag/Info.plist;
				LD_RUNPATH_SEARCH_PATHS = "$(inherited) @executable_path/Frameworks";
				PRODUCT_BUNDLE_IDENTIFIER = io.github.kyungh.Smashtag;
				PRODUCT_NAME = "$(TARGET_NAME)";
				SWIFT_VERSION = 3.0;
			};
			name = Debug;
		};
		B132FAC11EC9C1B60048102D /* Release */ = {
			isa = XCBuildConfiguration;
			buildSettings = {
				ASSETCATALOG_COMPILER_APPICON_NAME = AppIcon;
				DEVELOPMENT_TEAM = 4LU29MA599;
				INFOPLIST_FILE = Smashtag/Info.plist;
				LD_RUNPATH_SEARCH_PATHS = "$(inherited) @executable_path/Frameworks";
				PRODUCT_BUNDLE_IDENTIFIER = io.github.kyungh.Smashtag;
				PRODUCT_NAME = "$(TARGET_NAME)";
				SWIFT_VERSION = 3.0;
			};
			name = Release;
		};
/* End XCBuildConfiguration section */

/* Begin XCConfigurationList section */
		B132FAA81EC9C1B60048102D /* Build configuration list for PBXProject "Smashtag" */ = {
			isa = XCConfigurationList;
			buildConfigurations = (
				B132FABD1EC9C1B60048102D /* Debug */,
				B132FABE1EC9C1B60048102D /* Release */,
			);
			defaultConfigurationIsVisible = 0;
			defaultConfigurationName = Release;
		};
		B132FABF1EC9C1B60048102D /* Build configuration list for PBXNativeTarget "Smashtag" */ = {
			isa = XCConfigurationList;
			buildConfigurations = (
				B132FAC01EC9C1B60048102D /* Debug */,
				B132FAC11EC9C1B60048102D /* Release */,
			);
			defaultConfigurationIsVisible = 0;
			defaultConfigurationName = Release;
		};
/* End XCConfigurationList section */

/* Begin XCVersionGroup section */
		B1DFEEBC1ECC65990050E834 /* Smash.xcdatamodeld */ = {
			isa = XCVersionGroup;
			children = (
				B1DFEEBD1ECC65990050E834 /* Smash.xcdatamodel */,
			);
			currentVersion = B1DFEEBD1ECC65990050E834 /* Smash.xcdatamodel */;
			path = Smash.xcdatamodeld;
			sourceTree = "<group>";
			versionGroupType = wrapper.xcdatamodel;
		};
/* End XCVersionGroup section */
	};
	rootObject = B132FAA51EC9C1B60048102D /* Project object */;
}
